// !$*UTF8*$!
{
	archiveVersion = 1;
	classes = {
	};
	objectVersion = 55;
	objects = {

/* Begin PBXBuildFile section */
		486BED0828630AD8008D47C4 /* ImportFileFromFilesApp.swift in Sources */ = {isa = PBXBuildFile; fileRef = 486BED0728630AD8008D47C4 /* ImportFileFromFilesApp.swift */; };
		486BED0C28631650008D47C4 /* Folder.swift in Sources */ = {isa = PBXBuildFile; fileRef = 486BED0B28631650008D47C4 /* Folder.swift */; };
		48B1745A285E682800999DA7 /* XCLog in Frameworks */ = {isa = PBXBuildFile; productRef = 48B17459285E682800999DA7 /* XCLog */; };
		48B1745D285E6A3D00999DA7 /* Song.swift in Sources */ = {isa = PBXBuildFile; fileRef = 48B1745C285E6A3D00999DA7 /* Song.swift */; };
		48B1749E285E8C9000999DA7 /* TimeInterval+string.swift in Sources */ = {isa = PBXBuildFile; fileRef = 48B1749D285E8C9000999DA7 /* TimeInterval+string.swift */; };
		48B174A2285E927600999DA7 /* Player.swift in Sources */ = {isa = PBXBuildFile; fileRef = 48B174A1285E927600999DA7 /* Player.swift */; };
		48B174A5285E933900999DA7 /* Library.swift in Sources */ = {isa = PBXBuildFile; fileRef = 48B174A4285E933900999DA7 /* Library.swift */; };
		48BA77A6287A5835005116BF /* AudioPlayerControlView.swift in Sources */ = {isa = PBXBuildFile; fileRef = 48BA77A5287A5835005116BF /* AudioPlayerControlView.swift */; };
		48DCB17D285E62A0008692B9 /* App.swift in Sources */ = {isa = PBXBuildFile; fileRef = 48DCB17C285E62A0008692B9 /* App.swift */; };
		48DCB17F285E62A0008692B9 /* MainView.swift in Sources */ = {isa = PBXBuildFile; fileRef = 48DCB17E285E62A0008692B9 /* MainView.swift */; };
		48DCB181285E62A4008692B9 /* Assets.xcassets in Resources */ = {isa = PBXBuildFile; fileRef = 48DCB180285E62A4008692B9 /* Assets.xcassets */; };
		48DCB184285E62A4008692B9 /* Preview Assets.xcassets in Resources */ = {isa = PBXBuildFile; fileRef = 48DCB183285E62A4008692B9 /* Preview Assets.xcassets */; };
/* End PBXBuildFile section */

/* Begin PBXFileReference section */
		486BED0728630AD8008D47C4 /* ImportFileFromFilesApp.swift */ = {isa = PBXFileReference; lastKnownFileType = sourcecode.swift; path = ImportFileFromFilesApp.swift; sourceTree = "<group>"; };
		486BED0B28631650008D47C4 /* Folder.swift */ = {isa = PBXFileReference; lastKnownFileType = sourcecode.swift; path = Folder.swift; sourceTree = "<group>"; };
		48AFA846287AF88700347E6F /* Info.plist */ = {isa = PBXFileReference; lastKnownFileType = text.plist; path = Info.plist; sourceTree = "<group>"; };
		48B17457285E661900999DA7 /* README.md */ = {isa = PBXFileReference; lastKnownFileType = net.daringfireball.markdown; path = README.md; sourceTree = "<group>"; };
		48B1745B285E685900999DA7 /* TODO.md */ = {isa = PBXFileReference; lastKnownFileType = net.daringfireball.markdown; path = TODO.md; sourceTree = "<group>"; };
		48B1745C285E6A3D00999DA7 /* Song.swift */ = {isa = PBXFileReference; lastKnownFileType = sourcecode.swift; path = Song.swift; sourceTree = "<group>"; };
		48B1749D285E8C9000999DA7 /* TimeInterval+string.swift */ = {isa = PBXFileReference; lastKnownFileType = sourcecode.swift; path = "TimeInterval+string.swift"; sourceTree = "<group>"; };
		48B174A1285E927600999DA7 /* Player.swift */ = {isa = PBXFileReference; lastKnownFileType = sourcecode.swift; path = Player.swift; sourceTree = "<group>"; };
		48B174A4285E933900999DA7 /* Library.swift */ = {isa = PBXFileReference; lastKnownFileType = sourcecode.swift; path = Library.swift; sourceTree = "<group>"; };
		48BA77A5287A5835005116BF /* AudioPlayerControlView.swift */ = {isa = PBXFileReference; lastKnownFileType = sourcecode.swift; path = AudioPlayerControlView.swift; sourceTree = "<group>"; };
		48DCB179285E62A0008692B9 /* PlayMusic.app */ = {isa = PBXFileReference; explicitFileType = wrapper.application; includeInIndex = 0; path = PlayMusic.app; sourceTree = BUILT_PRODUCTS_DIR; };
		48DCB17C285E62A0008692B9 /* App.swift */ = {isa = PBXFileReference; lastKnownFileType = sourcecode.swift; path = App.swift; sourceTree = "<group>"; };
		48DCB17E285E62A0008692B9 /* MainView.swift */ = {isa = PBXFileReference; lastKnownFileType = sourcecode.swift; path = MainView.swift; sourceTree = "<group>"; };
		48DCB180285E62A4008692B9 /* Assets.xcassets */ = {isa = PBXFileReference; lastKnownFileType = folder.assetcatalog; path = Assets.xcassets; sourceTree = "<group>"; };
		48DCB183285E62A4008692B9 /* Preview Assets.xcassets */ = {isa = PBXFileReference; lastKnownFileType = folder.assetcatalog; path = "Preview Assets.xcassets"; sourceTree = "<group>"; };
/* End PBXFileReference section */

/* Begin PBXFrameworksBuildPhase section */
		48DCB176285E62A0008692B9 /* Frameworks */ = {
			isa = PBXFrameworksBuildPhase;
			buildActionMask = 2147483647;
			files = (
				48B1745A285E682800999DA7 /* XCLog in Frameworks */,
			);
			runOnlyForDeploymentPostprocessing = 0;
		};
/* End PBXFrameworksBuildPhase section */

/* Begin PBXGroup section */
		486BED0928631524008D47C4 /* FileSystem */ = {
			isa = PBXGroup;
			children = (
				486BED0B28631650008D47C4 /* Folder.swift */,
			);
			path = FileSystem;
			sourceTree = "<group>";
		};
		48B1749C285E8C7800999DA7 /* Extension */ = {
			isa = PBXGroup;
			children = (
				48B1749D285E8C9000999DA7 /* TimeInterval+string.swift */,
				486BED0728630AD8008D47C4 /* ImportFileFromFilesApp.swift */,
			);
			path = Extension;
			sourceTree = "<group>";
		};
		48B174A3285E927900999DA7 /* ObservableObject */ = {
			isa = PBXGroup;
			children = (
				48B174A4285E933900999DA7 /* Library.swift */,
				48B174A1285E927600999DA7 /* Player.swift */,
			);
			path = ObservableObject;
			sourceTree = "<group>";
		};
		48B174A6285E943A00999DA7 /* App */ = {
			isa = PBXGroup;
			children = (
				48DCB17C285E62A0008692B9 /* App.swift */,
				48DCB17E285E62A0008692B9 /* MainView.swift */,
				48BA77A5287A5835005116BF /* AudioPlayerControlView.swift */,
			);
			path = App;
			sourceTree = "<group>";
		};
		48B174A7285E992400999DA7 /* DataStructure */ = {
			isa = PBXGroup;
			children = (
				48B1745C285E6A3D00999DA7 /* Song.swift */,
			);
			path = DataStructure;
			sourceTree = "<group>";
		};
		48DCB170285E62A0008692B9 = {
			isa = PBXGroup;
			children = (
				48B17457285E661900999DA7 /* README.md */,
				48B1745B285E685900999DA7 /* TODO.md */,
				48DCB17B285E62A0008692B9 /* PlayMusic */,
				48DCB17A285E62A0008692B9 /* Products */,
			);
			sourceTree = "<group>";
		};
		48DCB17A285E62A0008692B9 /* Products */ = {
			isa = PBXGroup;
			children = (
				48DCB179285E62A0008692B9 /* PlayMusic.app */,
			);
			name = Products;
			sourceTree = "<group>";
		};
		48DCB17B285E62A0008692B9 /* PlayMusic */ = {
			isa = PBXGroup;
			children = (
				48AFA846287AF88700347E6F /* Info.plist */,
				48B174A6285E943A00999DA7 /* App */,
				48B174A3285E927900999DA7 /* ObservableObject */,
				48B174A7285E992400999DA7 /* DataStructure */,
				486BED0928631524008D47C4 /* FileSystem */,
				48B1749C285E8C7800999DA7 /* Extension */,
				48DCB180285E62A4008692B9 /* Assets.xcassets */,
				48DCB182285E62A4008692B9 /* Preview Content */,
			);
			path = PlayMusic;
			sourceTree = "<group>";
		};
		48DCB182285E62A4008692B9 /* Preview Content */ = {
			isa = PBXGroup;
			children = (
				48DCB183285E62A4008692B9 /* Preview Assets.xcassets */,
			);
			path = "Preview Content";
			sourceTree = "<group>";
		};
/* End PBXGroup section */

/* Begin PBXNativeTarget section */
		48DCB178285E62A0008692B9 /* PlayMusic */ = {
			isa = PBXNativeTarget;
			buildConfigurationList = 48DCB187285E62A4008692B9 /* Build configuration list for PBXNativeTarget "PlayMusic" */;
			buildPhases = (
				48DCB175285E62A0008692B9 /* Sources */,
				48DCB176285E62A0008692B9 /* Frameworks */,
				48DCB177285E62A0008692B9 /* Resources */,
			);
			buildRules = (
			);
			dependencies = (
			);
			name = PlayMusic;
			packageProductDependencies = (
				48B17459285E682800999DA7 /* XCLog */,
			);
			productName = PlayMusic;
			productReference = 48DCB179285E62A0008692B9 /* PlayMusic.app */;
			productType = "com.apple.product-type.application";
		};
/* End PBXNativeTarget section */

/* Begin PBXProject section */
		48DCB171285E62A0008692B9 /* Project object */ = {
			isa = PBXProject;
			attributes = {
				BuildIndependentTargetsInParallel = 1;
				LastSwiftUpdateCheck = 1340;
				LastUpgradeCheck = 1340;
				TargetAttributes = {
					48DCB178285E62A0008692B9 = {
						CreatedOnToolsVersion = 13.4.1;
					};
				};
			};
			buildConfigurationList = 48DCB174285E62A0008692B9 /* Build configuration list for PBXProject "PlayMusic" */;
			compatibilityVersion = "Xcode 13.0";
			developmentRegion = en;
			hasScannedForEncodings = 0;
			knownRegions = (
				en,
				Base,
			);
			mainGroup = 48DCB170285E62A0008692B9;
			packageReferences = (
				48B17458285E682700999DA7 /* XCRemoteSwiftPackageReference "XCLog" */,
			);
			productRefGroup = 48DCB17A285E62A0008692B9 /* Products */;
			projectDirPath = "";
			projectRoot = "";
			targets = (
				48DCB178285E62A0008692B9 /* PlayMusic */,
			);
		};
/* End PBXProject section */

/* Begin PBXResourcesBuildPhase section */
		48DCB177285E62A0008692B9 /* Resources */ = {
			isa = PBXResourcesBuildPhase;
			buildActionMask = 2147483647;
			files = (
				48DCB184285E62A4008692B9 /* Preview Assets.xcassets in Resources */,
				48DCB181285E62A4008692B9 /* Assets.xcassets in Resources */,
			);
			runOnlyForDeploymentPostprocessing = 0;
		};
/* End PBXResourcesBuildPhase section */

/* Begin PBXSourcesBuildPhase section */
		48DCB175285E62A0008692B9 /* Sources */ = {
			isa = PBXSourcesBuildPhase;
			buildActionMask = 2147483647;
			files = (
				48B1745D285E6A3D00999DA7 /* Song.swift in Sources */,
				48DCB17F285E62A0008692B9 /* MainView.swift in Sources */,
				48B174A5285E933900999DA7 /* Library.swift in Sources */,
				486BED0C28631650008D47C4 /* Folder.swift in Sources */,
				48DCB17D285E62A0008692B9 /* App.swift in Sources */,
				48B174A2285E927600999DA7 /* Player.swift in Sources */,
				48B1749E285E8C9000999DA7 /* TimeInterval+string.swift in Sources */,
				48BA77A6287A5835005116BF /* AudioPlayerControlView.swift in Sources */,
				486BED0828630AD8008D47C4 /* ImportFileFromFilesApp.swift in Sources */,
			);
			runOnlyForDeploymentPostprocessing = 0;
		};
/* End PBXSourcesBuildPhase section */

/* Begin XCBuildConfiguration section */
		48DCB185285E62A4008692B9 /* Debug */ = {
			isa = XCBuildConfiguration;
			buildSettings = {
				ALWAYS_SEARCH_USER_PATHS = NO;
				CLANG_ANALYZER_NONNULL = YES;
				CLANG_ANALYZER_NUMBER_OBJECT_CONVERSION = YES_AGGRESSIVE;
				CLANG_CXX_LANGUAGE_STANDARD = "gnu++17";
				CLANG_ENABLE_MODULES = YES;
				CLANG_ENABLE_OBJC_ARC = YES;
				CLANG_ENABLE_OBJC_WEAK = YES;
				CLANG_WARN_BLOCK_CAPTURE_AUTORELEASING = YES;
				CLANG_WARN_BOOL_CONVERSION = YES;
				CLANG_WARN_COMMA = YES;
				CLANG_WARN_CONSTANT_CONVERSION = YES;
				CLANG_WARN_DEPRECATED_OBJC_IMPLEMENTATIONS = YES;
				CLANG_WARN_DIRECT_OBJC_ISA_USAGE = YES_ERROR;
				CLANG_WARN_DOCUMENTATION_COMMENTS = YES;
				CLANG_WARN_EMPTY_BODY = YES;
				CLANG_WARN_ENUM_CONVERSION = YES;
				CLANG_WARN_INFINITE_RECURSION = YES;
				CLANG_WARN_INT_CONVERSION = YES;
				CLANG_WARN_NON_LITERAL_NULL_CONVERSION = YES;
				CLANG_WARN_OBJC_IMPLICIT_RETAIN_SELF = YES;
				CLANG_WARN_OBJC_LITERAL_CONVERSION = YES;
				CLANG_WARN_OBJC_ROOT_CLASS = YES_ERROR;
				CLANG_WARN_QUOTED_INCLUDE_IN_FRAMEWORK_HEADER = YES;
				CLANG_WARN_RANGE_LOOP_ANALYSIS = YES;
				CLANG_WARN_STRICT_PROTOTYPES = YES;
				CLANG_WARN_SUSPICIOUS_MOVE = YES;
				CLANG_WARN_UNGUARDED_AVAILABILITY = YES_AGGRESSIVE;
				CLANG_WARN_UNREACHABLE_CODE = YES;
				CLANG_WARN__DUPLICATE_METHOD_MATCH = YES;
				COPY_PHASE_STRIP = NO;
				DEBUG_INFORMATION_FORMAT = dwarf;
				ENABLE_STRICT_OBJC_MSGSEND = YES;
				ENABLE_TESTABILITY = YES;
				GCC_C_LANGUAGE_STANDARD = gnu11;
				GCC_DYNAMIC_NO_PIC = NO;
				GCC_NO_COMMON_BLOCKS = YES;
				GCC_OPTIMIZATION_LEVEL = 0;
				GCC_PREPROCESSOR_DEFINITIONS = (
					"DEBUG=1",
					"$(inherited)",
				);
				GCC_WARN_64_TO_32_BIT_CONVERSION = YES;
				GCC_WARN_ABOUT_RETURN_TYPE = YES_ERROR;
				GCC_WARN_UNDECLARED_SELECTOR = YES;
				GCC_WARN_UNINITIALIZED_AUTOS = YES_AGGRESSIVE;
				GCC_WARN_UNUSED_FUNCTION = YES;
				GCC_WARN_UNUSED_VARIABLE = YES;
				IPHONEOS_DEPLOYMENT_TARGET = 15.5;
				MTL_ENABLE_DEBUG_INFO = INCLUDE_SOURCE;
				MTL_FAST_MATH = YES;
				ONLY_ACTIVE_ARCH = YES;
				SDKROOT = iphoneos;
				SWIFT_ACTIVE_COMPILATION_CONDITIONS = DEBUG;
				SWIFT_OPTIMIZATION_LEVEL = "-Onone";
			};
			name = Debug;
		};
		48DCB186285E62A4008692B9 /* Release */ = {
			isa = XCBuildConfiguration;
			buildSettings = {
				ALWAYS_SEARCH_USER_PATHS = NO;
				CLANG_ANALYZER_NONNULL = YES;
				CLANG_ANALYZER_NUMBER_OBJECT_CONVERSION = YES_AGGRESSIVE;
				CLANG_CXX_LANGUAGE_STANDARD = "gnu++17";
				CLANG_ENABLE_MODULES = YES;
				CLANG_ENABLE_OBJC_ARC = YES;
				CLANG_ENABLE_OBJC_WEAK = YES;
				CLANG_WARN_BLOCK_CAPTURE_AUTORELEASING = YES;
				CLANG_WARN_BOOL_CONVERSION = YES;
				CLANG_WARN_COMMA = YES;
				CLANG_WARN_CONSTANT_CONVERSION = YES;
				CLANG_WARN_DEPRECATED_OBJC_IMPLEMENTATIONS = YES;
				CLANG_WARN_DIRECT_OBJC_ISA_USAGE = YES_ERROR;
				CLANG_WARN_DOCUMENTATION_COMMENTS = YES;
				CLANG_WARN_EMPTY_BODY = YES;
				CLANG_WARN_ENUM_CONVERSION = YES;
				CLANG_WARN_INFINITE_RECURSION = YES;
				CLANG_WARN_INT_CONVERSION = YES;
				CLANG_WARN_NON_LITERAL_NULL_CONVERSION = YES;
				CLANG_WARN_OBJC_IMPLICIT_RETAIN_SELF = YES;
				CLANG_WARN_OBJC_LITERAL_CONVERSION = YES;
				CLANG_WARN_OBJC_ROOT_CLASS = YES_ERROR;
				CLANG_WARN_QUOTED_INCLUDE_IN_FRAMEWORK_HEADER = YES;
				CLANG_WARN_RANGE_LOOP_ANALYSIS = YES;
				CLANG_WARN_STRICT_PROTOTYPES = YES;
				CLANG_WARN_SUSPICIOUS_MOVE = YES;
				CLANG_WARN_UNGUARDED_AVAILABILITY = YES_AGGRESSIVE;
				CLANG_WARN_UNREACHABLE_CODE = YES;
				CLANG_WARN__DUPLICATE_METHOD_MATCH = YES;
				COPY_PHASE_STRIP = NO;
				DEBUG_INFORMATION_FORMAT = "dwarf-with-dsym";
				ENABLE_NS_ASSERTIONS = NO;
				ENABLE_STRICT_OBJC_MSGSEND = YES;
				GCC_C_LANGUAGE_STANDARD = gnu11;
				GCC_NO_COMMON_BLOCKS = YES;
				GCC_WARN_64_TO_32_BIT_CONVERSION = YES;
				GCC_WARN_ABOUT_RETURN_TYPE = YES_ERROR;
				GCC_WARN_UNDECLARED_SELECTOR = YES;
				GCC_WARN_UNINITIALIZED_AUTOS = YES_AGGRESSIVE;
				GCC_WARN_UNUSED_FUNCTION = YES;
				GCC_WARN_UNUSED_VARIABLE = YES;
				IPHONEOS_DEPLOYMENT_TARGET = 15.5;
				MTL_ENABLE_DEBUG_INFO = NO;
				MTL_FAST_MATH = YES;
				SDKROOT = iphoneos;
				SWIFT_COMPILATION_MODE = wholemodule;
				SWIFT_OPTIMIZATION_LEVEL = "-O";
				VALIDATE_PRODUCT = YES;
			};
			name = Release;
		};
		48DCB188285E62A4008692B9 /* Debug */ = {
			isa = XCBuildConfiguration;
			buildSettings = {
				ASSETCATALOG_COMPILER_APPICON_NAME = AppIcon;
				ASSETCATALOG_COMPILER_GLOBAL_ACCENT_COLOR_NAME = AccentColor;
				CODE_SIGN_STYLE = Automatic;
				CURRENT_PROJECT_VERSION = 1;
				DEVELOPMENT_ASSET_PATHS = "\"PlayMusic/Preview Content\"";
				DEVELOPMENT_TEAM = C4W6UUH267;
				ENABLE_PREVIEWS = YES;
				GENERATE_INFOPLIST_FILE = YES;
				INFOPLIST_FILE = PlayMusic/Info.plist;
				INFOPLIST_KEY_LSApplicationCategoryType = "";
				INFOPLIST_KEY_UIApplicationSupportsIndirectInputEvents = YES;
				INFOPLIST_KEY_UILaunchScreen_Generation = YES;
				INFOPLIST_KEY_UIStatusBarHidden = YES;
				INFOPLIST_KEY_UISupportedInterfaceOrientations = "UIInterfaceOrientationPortrait UIInterfaceOrientationPortraitUpsideDown UIInterfaceOrientationLandscapeLeft UIInterfaceOrientationLandscapeRight";
				INFOPLIST_KEY_UISupportedInterfaceOrientations_iPad = "UIInterfaceOrientationLandscapeLeft UIInterfaceOrientationLandscapeRight UIInterfaceOrientationPortraitUpsideDown UIInterfaceOrientationPortrait";
				INFOPLIST_KEY_UISupportedInterfaceOrientations_iPhone = "UIInterfaceOrientationPortrait UIInterfaceOrientationLandscapeLeft UIInterfaceOrientationLandscapeRight";
				LD_RUNPATH_SEARCH_PATHS = (
					"$(inherited)",
					"@executable_path/Frameworks",
				);
				MARKETING_VERSION = 1.0;
				PRODUCT_BUNDLE_IDENTIFIER = com.yangxijie.PlayMusic;
				PRODUCT_NAME = "$(TARGET_NAME)";
				SWIFT_EMIT_LOC_STRINGS = YES;
				SWIFT_VERSION = 5.0;
				TARGETED_DEVICE_FAMILY = "1,2";
			};
			name = Debug;
		};
		48DCB189285E62A4008692B9 /* Release */ = {
			isa = XCBuildConfiguration;
			buildSettings = {
				ASSETCATALOG_COMPILER_APPICON_NAME = AppIcon;
				ASSETCATALOG_COMPILER_GLOBAL_ACCENT_COLOR_NAME = AccentColor;
				CODE_SIGN_STYLE = Automatic;
				CURRENT_PROJECT_VERSION = 1;
				DEVELOPMENT_ASSET_PATHS = "\"PlayMusic/Preview Content\"";
				DEVELOPMENT_TEAM = C4W6UUH267;
				ENABLE_PREVIEWS = YES;
				GENERATE_INFOPLIST_FILE = YES;
				INFOPLIST_FILE = PlayMusic/Info.plist;
				INFOPLIST_KEY_LSApplicationCategoryType = "";
				INFOPLIST_KEY_UIApplicationSupportsIndirectInputEvents = YES;
				INFOPLIST_KEY_UILaunchScreen_Generation = YES;
				INFOPLIST_KEY_UIStatusBarHidden = YES;
				INFOPLIST_KEY_UISupportedInterfaceOrientations = "UIInterfaceOrientationPortrait UIInterfaceOrientationPortraitUpsideDown UIInterfaceOrientationLandscapeLeft UIInterfaceOrientationLandscapeRight";
				INFOPLIST_KEY_UISupportedInterfaceOrientations_iPad = "UIInterfaceOrientationLandscapeLeft UIInterfaceOrientationLandscapeRight UIInterfaceOrientationPortraitUpsideDown UIInterfaceOrientationPortrait";
				INFOPLIST_KEY_UISupportedInterfaceOrientations_iPhone = "UIInterfaceOrientationPortrait UIInterfaceOrientationLandscapeLeft UIInterfaceOrientationLandscapeRight";
				LD_RUNPATH_SEARCH_PATHS = (
					"$(inherited)",
					"@executable_path/Frameworks",
				);
				MARKETING_VERSION = 1.0;
				PRODUCT_BUNDLE_IDENTIFIER = com.yangxijie.PlayMusic;
				PRODUCT_NAME = "$(TARGET_NAME)";
				SWIFT_EMIT_LOC_STRINGS = YES;
				SWIFT_VERSION = 5.0;
				TARGETED_DEVICE_FAMILY = "1,2";
			};
			name = Release;
		};
/* End XCBuildConfiguration section */

/* Begin XCConfigurationList section */
		48DCB174285E62A0008692B9 /* Build configuration list for PBXProject "PlayMusic" */ = {
			isa = XCConfigurationList;
			buildConfigurations = (
				48DCB185285E62A4008692B9 /* Debug */,
				48DCB186285E62A4008692B9 /* Release */,
			);
			defaultConfigurationIsVisible = 0;
			defaultConfigurationName = Release;
		};
		48DCB187285E62A4008692B9 /* Build configuration list for PBXNativeTarget "PlayMusic" */ = {
			isa = XCConfigurationList;
			buildConfigurations = (
				48DCB188285E62A4008692B9 /* Debug */,
				48DCB189285E62A4008692B9 /* Release */,
			);
			defaultConfigurationIsVisible = 0;
			defaultConfigurationName = Release;
		};
/* End XCConfigurationList section */

/* Begin XCRemoteSwiftPackageReference section */
		48B17458285E682700999DA7 /* XCRemoteSwiftPackageReference "XCLog" */ = {
			isa = XCRemoteSwiftPackageReference;
			repositoryURL = "https://github.com/Yang-Xijie/XCLog";
			requirement = {
				branch = main;
				kind = branch;
			};
		};
/* End XCRemoteSwiftPackageReference section */

/* Begin XCSwiftPackageProductDependency section */
		48B17459285E682800999DA7 /* XCLog */ = {
			isa = XCSwiftPackageProductDependency;
			package = 48B17458285E682700999DA7 /* XCRemoteSwiftPackageReference "XCLog" */;
			productName = XCLog;
		};
/* End XCSwiftPackageProductDependency section */
	};
	rootObject = 48DCB171285E62A0008692B9 /* Project object */;
}
